
Microsoft Visual Studio Solution File, Format Version 12.00
# Visual Studio Version 17
Project("{8BC9CEB8-8B4A-11D0-8D11-00A0C91BC942}") = "ALL_BUILD", "ALL_BUILD.vcxproj", "{3500FCAA-A412-3646-81AD-DE598C21B1A8}"
	ProjectSection(ProjectDependencies) = postProject
		{A4346C03-DF4D-3E2C-8B46-A65B202645AE} = {A4346C03-DF4D-3E2C-8B46-A65B202645AE}
		{FA6A5C75-F974-3935-B887-ADC897DE4863} = {FA6A5C75-F974-3935-B887-ADC897DE4863}
	EndProjectSection
EndProject
Project("{8BC9CEB8-8B4A-11D0-8D11-00A0C91BC942}") = "TIME_TINKERERS", "TIME_TINKERERS.vcxproj", "{A4346C03-DF4D-3E2C-8B46-A65B202645AE}"
	ProjectSection(ProjectDependencies) = postProject
		{FA6A5C75-F974-3935-B887-ADC897DE4863} = {FA6A5C75-F974-3935-B887-ADC897DE4863}
	EndProjectSection
EndProject
Project("{8BC9CEB8-8B4A-11D0-8D11-00A0C91BC942}") = "ZERO_CHECK", "ZERO_CHECK.vcxproj", "{FA6A5C75-F974-3935-B887-ADC897DE4863}"
	ProjectSection(ProjectDependencies) = postProject
	EndProjectSection
EndProject
Global
	GlobalSection(SolutionConfigurationPlatforms) = preSolution
		Debug|x64 = Debug|x64
		Release|x64 = Release|x64
		MinSizeRel|x64 = MinSizeRel|x64
		RelWithDebInfo|x64 = RelWithDebInfo|x64
	EndGlobalSection
	GlobalSection(ProjectConfigurationPlatforms) = postSolution
		{3500FCAA-A412-3646-81AD-DE598C21B1A8}.Debug|x64.ActiveCfg = Debug|x64
		{3500FCAA-A412-3646-81AD-DE598C21B1A8}.Release|x64.ActiveCfg = Release|x64
		{3500FCAA-A412-3646-81AD-DE598C21B1A8}.MinSizeRel|x64.ActiveCfg = MinSizeRel|x64
		{3500FCAA-A412-3646-81AD-DE598C21B1A8}.RelWithDebInfo|x64.ActiveCfg = RelWithDebInfo|x64
		{A4346C03-DF4D-3E2C-8B46-A65B202645AE}.Debug|x64.ActiveCfg = Debug|x64
		{A4346C03-DF4D-3E2C-8B46-A65B202645AE}.Debug|x64.Build.0 = Debug|x64
		{A4346C03-DF4D-3E2C-8B46-A65B202645AE}.Release|x64.ActiveCfg = Release|x64
		{A4346C03-DF4D-3E2C-8B46-A65B202645AE}.Release|x64.Build.0 = Release|x64
		{A4346C03-DF4D-3E2C-8B46-A65B202645AE}.MinSizeRel|x64.ActiveCfg = MinSizeRel|x64
		{A4346C03-DF4D-3E2C-8B46-A65B202645AE}.MinSizeRel|x64.Build.0 = MinSizeRel|x64
		{A4346C03-DF4D-3E2C-8B46-A65B202645AE}.RelWithDebInfo|x64.ActiveCfg = RelWithDebInfo|x64
		{A4346C03-DF4D-3E2C-8B46-A65B202645AE}.RelWithDebInfo|x64.Build.0 = RelWithDebInfo|x64
		{FA6A5C75-F974-3935-B887-ADC897DE4863}.Debug|x64.ActiveCfg = Debug|x64
		{FA6A5C75-F974-3935-B887-ADC897DE4863}.Debug|x64.Build.0 = Debug|x64
		{FA6A5C75-F974-3935-B887-ADC897DE4863}.Release|x64.ActiveCfg = Release|x64
		{FA6A5C75-F974-3935-B887-ADC897DE4863}.Release|x64.Build.0 = Release|x64
		{FA6A5C75-F974-3935-B887-ADC897DE4863}.MinSizeRel|x64.ActiveCfg = MinSizeRel|x64
		{FA6A5C75-F974-3935-B887-ADC897DE4863}.MinSizeRel|x64.Build.0 = MinSizeRel|x64
		{FA6A5C75-F974-3935-B887-ADC897DE4863}.RelWithDebInfo|x64.ActiveCfg = RelWithDebInfo|x64
		{FA6A5C75-F974-3935-B887-ADC897DE4863}.RelWithDebInfo|x64.Build.0 = RelWithDebInfo|x64
	EndGlobalSection
	GlobalSection(ExtensibilityGlobals) = postSolution
		SolutionGuid = {6DF399A4-8AED-3F8A-9CD0-59310C3C01D0}
	EndGlobalSection
	GlobalSection(ExtensibilityAddIns) = postSolution
	EndGlobalSection
EndGlobal
